
Microsoft Visual Studio Solution File, Format Version 12.00
# Visual Studio 15
Project("{FAE04EC0-301F-11D3-BF4B-00C04F79EFBC}") = "Assembly-CSharp", "Assembly-CSharp.csproj", "{BC5502D4-1E74-5712-E528-68477E207771}"
EndProject
Project("{FAE04EC0-301F-11D3-BF4B-00C04F79EFBC}") = "Assembly-CSharp-Editor", "Assembly-CSharp-Editor.csproj", "{3F5D6A9D-E62C-233E-0F15-255A6C65BC44}"
EndProject
Global
	GlobalSection(SolutionConfigurationPlatforms) = preSolution
		Debug|Any CPU = Debug|Any CPU
		Release|Any CPU = Release|Any CPU
	EndGlobalSection
	GlobalSection(ProjectConfigurationPlatforms) = postSolution
		{BC5502D4-1E74-5712-E528-68477E207771}.Debug|Any CPU.ActiveCfg = Debug|Any CPU
		{BC5502D4-1E74-5712-E528-68477E207771}.Debug|Any CPU.Build.0 = Debug|Any CPU
		{BC5502D4-1E74-5712-E528-68477E207771}.Release|Any CPU.ActiveCfg = Release|Any CPU
		{BC5502D4-1E74-5712-E528-68477E207771}.Release|Any CPU.Build.0 = Release|Any CPU
		{3F5D6A9D-E62C-233E-0F15-255A6C65BC44}.Debug|Any CPU.ActiveCfg = Debug|Any CPU
		{3F5D6A9D-E62C-233E-0F15-255A6C65BC44}.Debug|Any CPU.Build.0 = Debug|Any CPU
		{3F5D6A9D-E62C-233E-0F15-255A6C65BC44}.Release|Any CPU.ActiveCfg = Release|Any CPU
		{3F5D6A9D-E62C-233E-0F15-255A6C65BC44}.Release|Any CPU.Build.0 = Release|Any CPU
	EndGlobalSection
	GlobalSection(SolutionProperties) = preSolution
		HideSolutionNode = FALSE
	EndGlobalSection
EndGlobal
